
Microsoft Visual Studio Solution File, Format Version 12.00
# Visual Studio 15
VisualStudioVersion = 15.0.28307.572
MinimumVisualStudioVersion = 10.0.40219.1
Project("{8BC9CEB8-8B4A-11D0-8D11-00A0C91BC942}") = "gtaph_DATA", "gtaph_DATA\gtaph_DATA.vcxproj", "{9026BF7B-869F-44F9-9164-F613D8346B7A}"
EndProject
Global
	GlobalSection(SolutionConfigurationPlatforms) = preSolution
		Debug|x64 = Debug|x64
		Debug|x86 = Debug|x86
		Release|x64 = Release|x64
		Release|x86 = Release|x86
	EndGlobalSection
	GlobalSection(ProjectConfigurationPlatforms) = postSolution
		{9026BF7B-869F-44F9-9164-F613D8346B7A}.Debug|x64.ActiveCfg = Debug|x64
		{9026BF7B-869F-44F9-9164-F613D8346B7A}.Debug|x64.Build.0 = Debug|x64
		{9026BF7B-869F-44F9-9164-F613D8346B7A}.Debug|x86.ActiveCfg = Debug|Win32
		{9026BF7B-869F-44F9-9164-F613D8346B7A}.Debug|x86.Build.0 = Debug|Win32
		{9026BF7B-869F-44F9-9164-F613D8346B7A}.Release|x64.ActiveCfg = Release|x64
		{9026BF7B-869F-44F9-9164-F613D8346B7A}.Release|x64.Build.0 = Release|x64
		{9026BF7B-869F-44F9-9164-F613D8346B7A}.Release|x86.ActiveCfg = Release|Win32
		{9026BF7B-869F-44F9-9164-F613D8346B7A}.Release|x86.Build.0 = Release|Win32
	EndGlobalSection
	GlobalSection(SolutionProperties) = preSolution
		HideSolutionNode = FALSE
	EndGlobalSection
	GlobalSection(ExtensibilityGlobals) = postSolution
		SolutionGuid = {FDD918B5-2B91-4EB8-ACBD-18CC27FDDAD7}
	EndGlobalSection
EndGlobal
